# This file is automatically @generated by Cargo.
# It is not intended for manual editing.
version = 4

[[package]]
name = "cfg-if"
version = "1.0.4"
source = "registry+https://github.com/rust-lang/crates.io-index"
checksum = "9330f8b2ff13f34540b44e946ef35111825727b38d33286ef986142615121801"

[[package]]
name = "chacha20"
version = "0.10.0-rc.10"
source = "registry+https://github.com/rust-lang/crates.io-index"
checksum = "c536927023d1c432e6e23a25ef45f6756094eac2ab460db5fb17a772acdfd312"
dependencies = [
 "cfg-if",
 "cpufeatures",
 "rand_core",
]

[[package]]
name = "cpufeatures"
version = "0.2.17"
source = "registry+https://github.com/rust-lang/crates.io-index"
checksum = "59ed5838eebb26a2bb2e58f6d5b5316989ae9d08bab10e0e6d103e656d1b0280"
dependencies = [
 "libc",
]

[[package]]
name = "libc"
version = "0.2.180"
source = "registry+https://github.com/rust-lang/crates.io-index"
checksum = "bcc35a38544a891a5f7c865aca548a982ccb3b8650a5b06d0fd33a10283c56fc"

[[package]]
name = "memuse"
version = "0.2.2"
source = "registry+https://github.com/rust-lang/crates.io-index"
checksum = "3d97bbf43eb4f088f8ca469930cde17fa036207c9a5e02ccc5107c4e8b17c964"

[[package]]
name = "rand"
version = "0.10.0-rc.8"
source = "git+https://github.com/rust-random/rand#9c98f59e8b042e5c7c714e933e49b384a4ce75a6"
dependencies = [
 "rand_core",
]

[[package]]
name = "rand_core"
version = "0.10.0"
source = "registry+https://github.com/rust-lang/crates.io-index"
checksum = "0c8d0fd677905edcbeedbf2edb6494d676f0e98d54d5cf9bda0b061cb8fb8aba"

[[package]]
name = "rustcrypto-ff"
version = "0.14.0-rc.0"
source = "registry+https://github.com/rust-lang/crates.io-index"
checksum = "c5db129183b2c139d7d87d08be57cba626c715789db17aec65c8866bfd767d1f"
dependencies = [
 "rand_core",
 "subtle",
]

[[package]]
name = "rustcrypto-group"
version = "0.14.0-pre.1"
dependencies = [
 "chacha20",
 "memuse",
 "rand",
 "rand_core",
 "rustcrypto-ff",
 "subtle",
]

[[package]]
name = "subtle"
version = "2.6.1"
source = "registry+https://github.com/rust-lang/crates.io-index"
checksum = "13c2bddecc57b384dee18652358fb23172facb8a2c51ccc10d74c157bdea3292"
